
Microsoft Visual Studio Solution File, Format Version 12.00
# Visual Studio Version 17
VisualStudioVersion = 17.13.35931.197 d17.13
MinimumVisualStudioVersion = 10.0.40219.1
Project("{FAE04EC0-301F-11D3-BF4B-00C04F79EFBC}") = "gitApp", "gitApp\gitApp.csproj", "{C5EE4848-C9AF-4C5E-849E-ACB40C736221}"
EndProject
Global
	GlobalSection(SolutionConfigurationPlatforms) = preSolution
		Debug|Any CPU = Debug|Any CPU
		Release|Any CPU = Release|Any CPU
	EndGlobalSection
	GlobalSection(ProjectConfigurationPlatforms) = postSolution
		{C5EE4848-C9AF-4C5E-849E-ACB40C736221}.Debug|Any CPU.ActiveCfg = Debug|Any CPU
		{C5EE4848-C9AF-4C5E-849E-ACB40C736221}.Debug|Any CPU.Build.0 = Debug|Any CPU
		{C5EE4848-C9AF-4C5E-849E-ACB40C736221}.Release|Any CPU.ActiveCfg = Release|Any CPU
		{C5EE4848-C9AF-4C5E-849E-ACB40C736221}.Release|Any CPU.Build.0 = Release|Any CPU
	EndGlobalSection
	GlobalSection(SolutionProperties) = preSolution
		HideSolutionNode = FALSE
	EndGlobalSection
	GlobalSection(ExtensibilityGlobals) = postSolution
		SolutionGuid = {A132B769-CEB0-45AA-B49C-1269E39E3142}
	EndGlobalSection
EndGlobal
